github.com/abbot/go-http-auth v0.4.0 h1:QjmvZ5gSC7jm3Zg54DqWE/T5m1t2AfDu6QlXJT0EVT0=
github.com/abbot/go-http-auth v0.4.0/go.mod h1:Cz6ARTIzApMJDzh5bRMSUou6UMSp0IEXg9km/ci7TJM=
github.com/antonini/golibjpegturbo v0.0.0-20141208033414-c03a2fa1e89a h1:+Q4qlzO9KeavJSvWgRKckT3ViTSQ8rR6GroSiXPRXhs=
github.com/antonini/golibjpegturbo v0.0.0-20141208033414-c03a2fa1e89a/go.mod h1:UOX4aiVZ5WVUBY3D/31H4m6Z8UHgBj5Qr/oldRBBUMY=
github.com/disintegration/imaging v1.6.1 h1:JnBbK6ECIZb1NsWIikP9pd8gIlTIRx7fuDNpU9fsxOE=
github.com/disintegration/imaging v1.6.1/go.mod h1:xuIt+sRxDFrHS0drzXUlCJthkJ8k7lkkUojDSR247MQ=
github.com/gen2brain/go-opencv v0.0.0-20181117131054-351d3b510a27 h1:Bo/MmigIPPEr9tHT45BUU/2HpySV0jhINoLCJBzGbbw=
github.com/gen2brain/go-opencv v0.0.0-20181117131054-351d3b510a27/go.mod h1:pOLh42huXUuMoJWvD2K+EeXzvQ9GZ5HN6gdFk5ZwIuU=
github.com/korandiz/v4l v0.0.0-20180520170035-995f703bfc89 h1:BSg+wmA2aXiD7joWbYpkkLvPPZzdhpp2LAgoh8SMcyE=
github.com/korandiz/v4l v0.0.0-20180520170035-995f703bfc89/go.mod h1:jGGdTcTvrj/K3Qvlch8Qzb8PJjeMeJ/XmPbQxc37rJ8=
gocv.io/x/gocv v0.20.0 h1:2q75zQ8Zel2tB69G6qrmf/E7EdvaCs90qvkHzdSBOAg=
gocv.io/x/gocv v0.20.0/go.mod h1:vZETJRwLnl11muQ6iL3q4ju+0oJRrdmYdv5xJTH7WYA=
golang.org/x/crypto v0.0.0-20190308221718-c2843e01d9a2/go.mod h1:djNgcEr1/C05ACkg1iLfiJU5Ep61QUkGW8qpdssI0+w=
golang.org/x/crypto v0.0.0-20190927123631-a832865fa7ad h1:5E5raQxcv+6CZ11RrBYQe5WRbUIWpScjh0kvHZkZIrQ=
golang.org/x/crypto v0.0.0-20190927123631-a832865fa7ad/go.mod h1:yigFU9vqHzYiE8UmvKecakEJjdnWj3jj499lnFckfCI=
golang.org/x/image v0.0.0-20180708004352-c73c2afc3b81/go.mod h1:ux5Hcp/YLpHSI86hEcLt0YII63i6oz57MZXIpbrjZUs=
golang.org/x/image v0.0.0-20190910094157-69e4b8554b2a h1:gHevYm0pO4QUbwy8Dmdr01R5r1BuKtfYqRqF0h/Cbh0=
golang.org/x/image v0.0.0-20190910094157-69e4b8554b2a/go.mod h1:FeLwcggjj3mMvU+oOTbSwawSJRM1uh48EjtB4UJZlP0=
golang.org/x/net v0.0.0-20190404232315-eb5bcb51f2a3/go.mod h1:t9HGtf8HONx5eT2rtn7q6eTqICYqUVnKs3thJo3Qplg=
golang.org/x/net v0.0.0-20190620200207-3b0461eec859/go.mod h1:z5CRVTTTmAJ677TzLLGU+0bjPO0LkuOLi4/5GtJWs/s=
golang.org/x/net v0.0.0-20190926025831-c00fd9afed17 h1:qPnAdmjNA41t3QBTx2mFGf/SD1IoslhYu7AmdsVzCcs=
golang.org/x/net v0.0.0-20190926025831-c00fd9afed17/go.mod h1:z5CRVTTTmAJ677TzLLGU+0bjPO0LkuOLi4/5GtJWs/s=
golang.org/x/sync v0.0.0-20190423024810-112230192c58/go.mod h1:RxMgew5VJxzue5/jJTE5uejpjVlOe/izrB70Jof72aM=
golang.org/x/sync v0.0.0-20190911185100-cd5d95a43a6e/go.mod h1:RxMgew5VJxzue5/jJTE5uejpjVlOe/izrB70Jof72aM=
golang.org/x/sys v0.0.0-20190215142949-d0b11bdaac8a/go.mod h1:STP8DvDyc/dI5b8T5hshtkjS+E42TnysNCUPdjciGhY=
golang.org/x/sys v0.0.0-20190412213103-97732733099d/go.mod h1:h1NjWce9XRLGQEsW7wpKNCjG9DtNlClVuFLEZdDNbEs=
golang.org/x/sys v0.0.0-20190927073244-c990c680b611 h1:q9u40nxWT5zRClI/uU9dHCiYGottAg6Nzz4YUQyHxdA=
golang.org/x/sys v0.0.0-20190927073244-c990c680b611/go.mod h1:h1NjWce9XRLGQEsW7wpKNCjG9DtNlClVuFLEZdDNbEs=
golang.org/x/text v0.3.0/go.mod h1:NqM8EUOU14njkJ3fqMW+pc6Ldnwhi/IjpwHt7yyuwOQ=
golang.org/x/text v0.3.2/go.mod h1:bEr9sfX3Q8Zfm5fL9x+3itogRgK3+ptLWKqgva+5dAk=
golang.org/x/tools v0.0.0-20180917221912-90fa682c2a6e/go.mod h1:n7NCudcB/nEzxVGmLbDWY5pfWTLqBcC2KZ6jyYvM4mQ=
golang.org/x/tools v0.0.0-20190928230422-e461004dd03d/go.mod h1:b+2E5dAYhXwXZwtnZ6UAqBI28+e2cm9otk0dWdXHAEo=
golang.org/x/xerrors v0.0.0-20190717185122-a985d3407aa7/go.mod h1:I/5z698sn9Ka8TeJc9MKroUUfqBBauWjQqLJ2OPfmY0=
goost.org/encoding/base64 v0.0.0-20190928151742-cd6f75493c10 h1:Z4tmKmcuax8bev3BlmNf3/0tcw6j/BBXFY6Hnq0njew=
goost.org/encoding/base64 v0.0.0-20190928151742-cd6f75493c10/go.mod h1:pBZSqyNgDwqnkoXcbBD1wSOStfw5WgjBx9Zcda9RvLA=
